// !$*UTF8*$!
{
	archiveVersion = 1;
	classes = {
	};
	objectVersion = 60;
	objects = {

/* Begin PBXBuildFile section */
		B6259CFD2BFA2E9A00F5861C /* vu-meter-core in Frameworks */ = {isa = PBXBuildFile; productRef = B6259CFC2BFA2E9A00F5861C /* vu-meter-core */; };
		B62B5208205E1A0A00A300E5 /* AppDelegate.mm in Sources */ = {isa = PBXBuildFile; fileRef = B62B5207205E1A0A00A300E5 /* AppDelegate.mm */; };
		B62B5210205E1A0A00A300E5 /* Assets.xcassets in Resources */ = {isa = PBXBuildFile; fileRef = B62B520F205E1A0A00A300E5 /* Assets.xcassets */; };
		B62B5213205E1A0A00A300E5 /* LaunchScreen.storyboard in Resources */ = {isa = PBXBuildFile; fileRef = B62B5211205E1A0A00A300E5 /* LaunchScreen.storyboard */; };
		B62B5216205E1A0A00A300E5 /* main.m in Sources */ = {isa = PBXBuildFile; fileRef = B62B5215205E1A0A00A300E5 /* main.m */; };
		B6756452206F0A3B00944F8E /* RMSViewController.mm in Sources */ = {isa = PBXBuildFile; fileRef = B6756451206F0A3B00944F8E /* RMSViewController.mm */; };
		B6756454206F167300944F8E /* RMSMain.storyboard in Resources */ = {isa = PBXBuildFile; fileRef = B6756453206F167300944F8E /* RMSMain.storyboard */; };
		B6E6666826C2C19D002AFC6B /* SceneDelegate.mm in Sources */ = {isa = PBXBuildFile; fileRef = B6E6666726C2C19D002AFC6B /* SceneDelegate.mm */; };
		B6FF26DF23E1B79B00E38ED3 /* Settings.bundle in Resources */ = {isa = PBXBuildFile; fileRef = B6FF26DE23E1B79B00E38ED3 /* Settings.bundle */; };
/* End PBXBuildFile section */

/* Begin PBXCopyFilesBuildPhase section */
		B6EDB4BD262453F1002DB62C /* Embed Frameworks */ = {
			isa = PBXCopyFilesBuildPhase;
			buildActionMask = 2147483647;
			dstPath = "";
			dstSubfolderSpec = 10;
			files = (
			);
			name = "Embed Frameworks";
			runOnlyForDeploymentPostprocessing = 0;
		};
/* End PBXCopyFilesBuildPhase section */

/* Begin PBXFileReference section */
		B62B5203205E1A0A00A300E5 /* vu_meter.app */ = {isa = PBXFileReference; explicitFileType = wrapper.application; includeInIndex = 0; path = vu_meter.app; sourceTree = BUILT_PRODUCTS_DIR; };
		B62B5206205E1A0A00A300E5 /* AppDelegate.h */ = {isa = PBXFileReference; lastKnownFileType = sourcecode.c.h; path = AppDelegate.h; sourceTree = "<group>"; };
		B62B5207205E1A0A00A300E5 /* AppDelegate.mm */ = {isa = PBXFileReference; lastKnownFileType = sourcecode.cpp.objcpp; path = AppDelegate.mm; sourceTree = "<group>"; };
		B62B520F205E1A0A00A300E5 /* Assets.xcassets */ = {isa = PBXFileReference; lastKnownFileType = folder.assetcatalog; path = Assets.xcassets; sourceTree = "<group>"; };
		B62B5212205E1A0A00A300E5 /* Base */ = {isa = PBXFileReference; lastKnownFileType = file.storyboard; name = Base; path = Base.lproj/LaunchScreen.storyboard; sourceTree = "<group>"; };
		B62B5214205E1A0A00A300E5 /* Info.plist */ = {isa = PBXFileReference; lastKnownFileType = text.plist.xml; path = Info.plist; sourceTree = "<group>"; };
		B62B5215205E1A0A00A300E5 /* main.m */ = {isa = PBXFileReference; lastKnownFileType = sourcecode.c.objc; path = main.m; sourceTree = "<group>"; };
		B6756450206F0A3B00944F8E /* RMSViewController.h */ = {isa = PBXFileReference; lastKnownFileType = sourcecode.c.h; path = RMSViewController.h; sourceTree = "<group>"; };
		B6756451206F0A3B00944F8E /* RMSViewController.mm */ = {isa = PBXFileReference; lastKnownFileType = sourcecode.cpp.objcpp; path = RMSViewController.mm; sourceTree = "<group>"; };
		B6756453206F167300944F8E /* RMSMain.storyboard */ = {isa = PBXFileReference; lastKnownFileType = file.storyboard; path = RMSMain.storyboard; sourceTree = "<group>"; };
		B6E6666626C2C19D002AFC6B /* SceneDelegate.h */ = {isa = PBXFileReference; fileEncoding = 4; lastKnownFileType = sourcecode.c.h; path = SceneDelegate.h; sourceTree = "<group>"; };
		B6E6666726C2C19D002AFC6B /* SceneDelegate.mm */ = {isa = PBXFileReference; fileEncoding = 4; lastKnownFileType = sourcecode.cpp.objcpp; path = SceneDelegate.mm; sourceTree = "<group>"; };
		B6FF26DE23E1B79B00E38ED3 /* Settings.bundle */ = {isa = PBXFileReference; lastKnownFileType = "wrapper.plug-in"; name = Settings.bundle; path = vu_meter/vu_meter/Settings.bundle; sourceTree = "<group>"; };
/* End PBXFileReference section */

/* Begin PBXFrameworksBuildPhase section */
		B62B5200205E1A0A00A300E5 /* Frameworks */ = {
			isa = PBXFrameworksBuildPhase;
			buildActionMask = 2147483647;
			files = (
				B6259CFD2BFA2E9A00F5861C /* vu-meter-core in Frameworks */,
			);
			runOnlyForDeploymentPostprocessing = 0;
		};
/* End PBXFrameworksBuildPhase section */

/* Begin PBXGroup section */
		B6259CF42BF99BB600F5861C /* Frameworks */ = {
			isa = PBXGroup;
			children = (
			);
			name = Frameworks;
			sourceTree = "<group>";
		};
		B62B51FA205E1A0A00A300E5 = {
			isa = PBXGroup;
			children = (
				B6FF26DE23E1B79B00E38ED3 /* Settings.bundle */,
				B62B5205205E1A0A00A300E5 /* vu_meter */,
				B62B5204205E1A0A00A300E5 /* Products */,
				B6259CF42BF99BB600F5861C /* Frameworks */,
			);
			sourceTree = "<group>";
		};
		B62B5204205E1A0A00A300E5 /* Products */ = {
			isa = PBXGroup;
			children = (
				B62B5203205E1A0A00A300E5 /* vu_meter.app */,
			);
			name = Products;
			sourceTree = "<group>";
		};
		B62B5205205E1A0A00A300E5 /* vu_meter */ = {
			isa = PBXGroup;
			children = (
				B62B5410205FCFED00A300E5 /* vu_meter */,
			);
			path = vu_meter;
			sourceTree = "<group>";
		};
		B62B5410205FCFED00A300E5 /* vu_meter */ = {
			isa = PBXGroup;
			children = (
				B62B5215205E1A0A00A300E5 /* main.m */,
				B62B5206205E1A0A00A300E5 /* AppDelegate.h */,
				B62B5207205E1A0A00A300E5 /* AppDelegate.mm */,
				B6E6666626C2C19D002AFC6B /* SceneDelegate.h */,
				B6E6666726C2C19D002AFC6B /* SceneDelegate.mm */,
				B6756453206F167300944F8E /* RMSMain.storyboard */,
				B6756450206F0A3B00944F8E /* RMSViewController.h */,
				B6756451206F0A3B00944F8E /* RMSViewController.mm */,
				B62B520F205E1A0A00A300E5 /* Assets.xcassets */,
				B62B5211205E1A0A00A300E5 /* LaunchScreen.storyboard */,
				B62B5214205E1A0A00A300E5 /* Info.plist */,
			);
			path = vu_meter;
			sourceTree = "<group>";
		};
/* End PBXGroup section */

/* Begin PBXNativeTarget section */
		B62B5202205E1A0A00A300E5 /* vu_meter */ = {
			isa = PBXNativeTarget;
			buildConfigurationList = B62B5224205E1A0A00A300E5 /* Build configuration list for PBXNativeTarget "vu_meter" */;
			buildPhases = (
				B62B51FF205E1A0A00A300E5 /* Sources */,
				B62B5200205E1A0A00A300E5 /* Frameworks */,
				B62B5201205E1A0A00A300E5 /* Resources */,
				B6EDB4BD262453F1002DB62C /* Embed Frameworks */,
			);
			buildRules = (
			);
			dependencies = (
			);
			name = vu_meter;
			packageProductDependencies = (
				B6259CFC2BFA2E9A00F5861C /* vu-meter-core */,
			);
			productName = vu_meter;
			productReference = B62B5203205E1A0A00A300E5 /* vu_meter.app */;
			productType = "com.apple.product-type.application";
		};
/* End PBXNativeTarget section */

/* Begin PBXProject section */
		B62B51FB205E1A0A00A300E5 /* Project object */ = {
			isa = PBXProject;
			attributes = {
				LastUpgradeCheck = 1300;
				ORGANIZATIONNAME = "Yuki Yasoshima";
				TargetAttributes = {
					B62B5202205E1A0A00A300E5 = {
						CreatedOnToolsVersion = 9.2;
						ProvisioningStyle = Automatic;
					};
				};
			};
			buildConfigurationList = B62B51FE205E1A0A00A300E5 /* Build configuration list for PBXProject "vu_meter" */;
			compatibilityVersion = "Xcode 8.0";
			developmentRegion = en;
			hasScannedForEncodings = 0;
			knownRegions = (
				en,
				Base,
			);
			mainGroup = B62B51FA205E1A0A00A300E5;
			packageReferences = (
				B6259CFB2BFA2E9A00F5861C /* XCLocalSwiftPackageReference "../vu-meter-core" */,
			);
			productRefGroup = B62B5204205E1A0A00A300E5 /* Products */;
			projectDirPath = "";
			projectRoot = "";
			targets = (
				B62B5202205E1A0A00A300E5 /* vu_meter */,
			);
		};
/* End PBXProject section */

/* Begin PBXResourcesBuildPhase section */
		B62B5201205E1A0A00A300E5 /* Resources */ = {
			isa = PBXResourcesBuildPhase;
			buildActionMask = 2147483647;
			files = (
				B6756454206F167300944F8E /* RMSMain.storyboard in Resources */,
				B62B5213205E1A0A00A300E5 /* LaunchScreen.storyboard in Resources */,
				B6FF26DF23E1B79B00E38ED3 /* Settings.bundle in Resources */,
				B62B5210205E1A0A00A300E5 /* Assets.xcassets in Resources */,
			);
			runOnlyForDeploymentPostprocessing = 0;
		};
/* End PBXResourcesBuildPhase section */

/* Begin PBXSourcesBuildPhase section */
		B62B51FF205E1A0A00A300E5 /* Sources */ = {
			isa = PBXSourcesBuildPhase;
			buildActionMask = 2147483647;
			files = (
				B6E6666826C2C19D002AFC6B /* SceneDelegate.mm in Sources */,
				B62B5216205E1A0A00A300E5 /* main.m in Sources */,
				B62B5208205E1A0A00A300E5 /* AppDelegate.mm in Sources */,
				B6756452206F0A3B00944F8E /* RMSViewController.mm in Sources */,
			);
			runOnlyForDeploymentPostprocessing = 0;
		};
/* End PBXSourcesBuildPhase section */

/* Begin PBXVariantGroup section */
		B62B5211205E1A0A00A300E5 /* LaunchScreen.storyboard */ = {
			isa = PBXVariantGroup;
			children = (
				B62B5212205E1A0A00A300E5 /* Base */,
			);
			name = LaunchScreen.storyboard;
			sourceTree = "<group>";
		};
/* End PBXVariantGroup section */

/* Begin XCBuildConfiguration section */
		B62B5222205E1A0A00A300E5 /* Debug */ = {
			isa = XCBuildConfiguration;
			buildSettings = {
				ALWAYS_SEARCH_USER_PATHS = NO;
				CLANG_ANALYZER_NONNULL = YES;
				CLANG_ANALYZER_NUMBER_OBJECT_CONVERSION = YES_AGGRESSIVE;
				CLANG_CXX_LANGUAGE_STANDARD = "gnu++20";
				CLANG_CXX_LIBRARY = "libc++";
				CLANG_ENABLE_MODULES = YES;
				CLANG_ENABLE_OBJC_ARC = YES;
				CLANG_WARN_BLOCK_CAPTURE_AUTORELEASING = YES;
				CLANG_WARN_BOOL_CONVERSION = YES;
				CLANG_WARN_COMMA = YES;
				CLANG_WARN_CONSTANT_CONVERSION = YES;
				CLANG_WARN_DEPRECATED_OBJC_IMPLEMENTATIONS = YES;
				CLANG_WARN_DIRECT_OBJC_ISA_USAGE = YES_ERROR;
				CLANG_WARN_DOCUMENTATION_COMMENTS = YES;
				CLANG_WARN_EMPTY_BODY = YES;
				CLANG_WARN_ENUM_CONVERSION = YES;
				CLANG_WARN_INFINITE_RECURSION = YES;
				CLANG_WARN_INT_CONVERSION = YES;
				CLANG_WARN_NON_LITERAL_NULL_CONVERSION = YES;
				CLANG_WARN_OBJC_IMPLICIT_RETAIN_SELF = YES;
				CLANG_WARN_OBJC_LITERAL_CONVERSION = YES;
				CLANG_WARN_OBJC_ROOT_CLASS = YES_ERROR;
				CLANG_WARN_QUOTED_INCLUDE_IN_FRAMEWORK_HEADER = YES;
				CLANG_WARN_RANGE_LOOP_ANALYSIS = YES;
				CLANG_WARN_STRICT_PROTOTYPES = YES;
				CLANG_WARN_SUSPICIOUS_MOVE = YES;
				CLANG_WARN_UNGUARDED_AVAILABILITY = YES_AGGRESSIVE;
				CLANG_WARN_UNREACHABLE_CODE = YES;
				CLANG_WARN__DUPLICATE_METHOD_MATCH = YES;
				CODE_SIGN_IDENTITY = "iPhone Developer";
				COPY_PHASE_STRIP = NO;
				DEBUG_INFORMATION_FORMAT = dwarf;
				ENABLE_STRICT_OBJC_MSGSEND = YES;
				ENABLE_TESTABILITY = YES;
				GCC_C_LANGUAGE_STANDARD = gnu11;
				GCC_DYNAMIC_NO_PIC = NO;
				GCC_NO_COMMON_BLOCKS = YES;
				GCC_OPTIMIZATION_LEVEL = 0;
				GCC_PREPROCESSOR_DEFINITIONS = (
					"DEBUG=1",
					"$(inherited)",
				);
				GCC_WARN_64_TO_32_BIT_CONVERSION = YES;
				GCC_WARN_ABOUT_RETURN_TYPE = YES_ERROR;
				GCC_WARN_UNDECLARED_SELECTOR = YES;
				GCC_WARN_UNINITIALIZED_AUTOS = YES_AGGRESSIVE;
				GCC_WARN_UNUSED_FUNCTION = YES;
				GCC_WARN_UNUSED_VARIABLE = YES;
				MTL_ENABLE_DEBUG_INFO = YES;
				ONLY_ACTIVE_ARCH = YES;
				SDKROOT = iphoneos;
			};
			name = Debug;
		};
		B62B5223205E1A0A00A300E5 /* Release */ = {
			isa = XCBuildConfiguration;
			buildSettings = {
				ALWAYS_SEARCH_USER_PATHS = NO;
				CLANG_ANALYZER_NONNULL = YES;
				CLANG_ANALYZER_NUMBER_OBJECT_CONVERSION = YES_AGGRESSIVE;
				CLANG_CXX_LANGUAGE_STANDARD = "gnu++20";
				CLANG_CXX_LIBRARY = "libc++";
				CLANG_ENABLE_MODULES = YES;
				CLANG_ENABLE_OBJC_ARC = YES;
				CLANG_WARN_BLOCK_CAPTURE_AUTORELEASING = YES;
				CLANG_WARN_BOOL_CONVERSION = YES;
				CLANG_WARN_COMMA = YES;
				CLANG_WARN_CONSTANT_CONVERSION = YES;
				CLANG_WARN_DEPRECATED_OBJC_IMPLEMENTATIONS = YES;
				CLANG_WARN_DIRECT_OBJC_ISA_USAGE = YES_ERROR;
				CLANG_WARN_DOCUMENTATION_COMMENTS = YES;
				CLANG_WARN_EMPTY_BODY = YES;
				CLANG_WARN_ENUM_CONVERSION = YES;
				CLANG_WARN_INFINITE_RECURSION = YES;
				CLANG_WARN_INT_CONVERSION = YES;
				CLANG_WARN_NON_LITERAL_NULL_CONVERSION = YES;
				CLANG_WARN_OBJC_IMPLICIT_RETAIN_SELF = YES;
				CLANG_WARN_OBJC_LITERAL_CONVERSION = YES;
				CLANG_WARN_OBJC_ROOT_CLASS = YES_ERROR;
				CLANG_WARN_QUOTED_INCLUDE_IN_FRAMEWORK_HEADER = YES;
				CLANG_WARN_RANGE_LOOP_ANALYSIS = YES;
				CLANG_WARN_STRICT_PROTOTYPES = YES;
				CLANG_WARN_SUSPICIOUS_MOVE = YES;
				CLANG_WARN_UNGUARDED_AVAILABILITY = YES_AGGRESSIVE;
				CLANG_WARN_UNREACHABLE_CODE = YES;
				CLANG_WARN__DUPLICATE_METHOD_MATCH = YES;
				CODE_SIGN_IDENTITY = "iPhone Developer";
				COPY_PHASE_STRIP = NO;
				DEBUG_INFORMATION_FORMAT = "dwarf-with-dsym";
				ENABLE_NS_ASSERTIONS = NO;
				ENABLE_STRICT_OBJC_MSGSEND = YES;
				GCC_C_LANGUAGE_STANDARD = gnu11;
				GCC_NO_COMMON_BLOCKS = YES;
				GCC_WARN_64_TO_32_BIT_CONVERSION = YES;
				GCC_WARN_ABOUT_RETURN_TYPE = YES_ERROR;
				GCC_WARN_UNDECLARED_SELECTOR = YES;
				GCC_WARN_UNINITIALIZED_AUTOS = YES_AGGRESSIVE;
				GCC_WARN_UNUSED_FUNCTION = YES;
				GCC_WARN_UNUSED_VARIABLE = YES;
				MTL_ENABLE_DEBUG_INFO = NO;
				SDKROOT = iphoneos;
				VALIDATE_PRODUCT = YES;
			};
			name = Release;
		};
		B62B5225205E1A0A00A300E5 /* Debug */ = {
			isa = XCBuildConfiguration;
			buildSettings = {
				ASSETCATALOG_COMPILER_APPICON_NAME = AppIcon;
				CLANG_ENABLE_OBJC_WEAK = YES;
				CODE_SIGN_STYLE = Automatic;
				DEVELOPMENT_TEAM = WVVR5YE53F;
				INFOPLIST_FILE = vu_meter/vu_meter/Info.plist;
				IPHONEOS_DEPLOYMENT_TARGET = 17.4;
				LD_RUNPATH_SEARCH_PATHS = (
					"$(inherited)",
					"@executable_path/Frameworks",
				);
				PRODUCT_BUNDLE_IDENTIFIER = "jp.objective-audio.vu-meter";
				PRODUCT_NAME = "$(TARGET_NAME)";
				TARGETED_DEVICE_FAMILY = "1,2";
			};
			name = Debug;
		};
		B62B5226205E1A0A00A300E5 /* Release */ = {
			isa = XCBuildConfiguration;
			buildSettings = {
				ASSETCATALOG_COMPILER_APPICON_NAME = AppIcon;
				CLANG_ENABLE_OBJC_WEAK = YES;
				CODE_SIGN_STYLE = Automatic;
				DEVELOPMENT_TEAM = WVVR5YE53F;
				INFOPLIST_FILE = vu_meter/vu_meter/Info.plist;
				IPHONEOS_DEPLOYMENT_TARGET = 17.4;
				LD_RUNPATH_SEARCH_PATHS = (
					"$(inherited)",
					"@executable_path/Frameworks",
				);
				PRODUCT_BUNDLE_IDENTIFIER = "jp.objective-audio.vu-meter";
				PRODUCT_NAME = "$(TARGET_NAME)";
				TARGETED_DEVICE_FAMILY = "1,2";
			};
			name = Release;
		};
/* End XCBuildConfiguration section */

/* Begin XCConfigurationList section */
		B62B51FE205E1A0A00A300E5 /* Build configuration list for PBXProject "vu_meter" */ = {
			isa = XCConfigurationList;
			buildConfigurations = (
				B62B5222205E1A0A00A300E5 /* Debug */,
				B62B5223205E1A0A00A300E5 /* Release */,
			);
			defaultConfigurationIsVisible = 0;
			defaultConfigurationName = Release;
		};
		B62B5224205E1A0A00A300E5 /* Build configuration list for PBXNativeTarget "vu_meter" */ = {
			isa = XCConfigurationList;
			buildConfigurations = (
				B62B5225205E1A0A00A300E5 /* Debug */,
				B62B5226205E1A0A00A300E5 /* Release */,
			);
			defaultConfigurationIsVisible = 0;
			defaultConfigurationName = Release;
		};
/* End XCConfigurationList section */

/* Begin XCLocalSwiftPackageReference section */
		B6259CFB2BFA2E9A00F5861C /* XCLocalSwiftPackageReference "../vu-meter-core" */ = {
			isa = XCLocalSwiftPackageReference;
			relativePath = "../vu-meter-core";
		};
/* End XCLocalSwiftPackageReference section */

/* Begin XCSwiftPackageProductDependency section */
		B6259CFC2BFA2E9A00F5861C /* vu-meter-core */ = {
			isa = XCSwiftPackageProductDependency;
			productName = "vu-meter-core";
		};
/* End XCSwiftPackageProductDependency section */
	};
	rootObject = B62B51FB205E1A0A00A300E5 /* Project object */;
}
