// !$*UTF8*$!
{
	archiveVersion = 1;
	classes = {
	};
	objectVersion = 48;
	objects = {

/* Begin PBXBuildFile section */
		B62B5208205E1A0A00A300E5 /* AppDelegate.m in Sources */ = {isa = PBXBuildFile; fileRef = B62B5207205E1A0A00A300E5 /* AppDelegate.m */; };
		B62B520B205E1A0A00A300E5 /* ViewController.m in Sources */ = {isa = PBXBuildFile; fileRef = B62B520A205E1A0A00A300E5 /* ViewController.m */; };
		B62B520E205E1A0A00A300E5 /* Main.storyboard in Resources */ = {isa = PBXBuildFile; fileRef = B62B520C205E1A0A00A300E5 /* Main.storyboard */; };
		B62B5210205E1A0A00A300E5 /* Assets.xcassets in Resources */ = {isa = PBXBuildFile; fileRef = B62B520F205E1A0A00A300E5 /* Assets.xcassets */; };
		B62B5213205E1A0A00A300E5 /* LaunchScreen.storyboard in Resources */ = {isa = PBXBuildFile; fileRef = B62B5211205E1A0A00A300E5 /* LaunchScreen.storyboard */; };
		B62B5216205E1A0A00A300E5 /* main.m in Sources */ = {isa = PBXBuildFile; fileRef = B62B5215205E1A0A00A300E5 /* main.m */; };
		B62B5220205E1A0A00A300E5 /* vu_meterTests.m in Sources */ = {isa = PBXBuildFile; fileRef = B62B521F205E1A0A00A300E5 /* vu_meterTests.m */; };
/* End PBXBuildFile section */

/* Begin PBXContainerItemProxy section */
		B62B521C205E1A0A00A300E5 /* PBXContainerItemProxy */ = {
			isa = PBXContainerItemProxy;
			containerPortal = B62B51FB205E1A0A00A300E5 /* Project object */;
			proxyType = 1;
			remoteGlobalIDString = B62B5202205E1A0A00A300E5;
			remoteInfo = vu_meter;
		};
/* End PBXContainerItemProxy section */

/* Begin PBXFileReference section */
		B62B5203205E1A0A00A300E5 /* vu_meter.app */ = {isa = PBXFileReference; explicitFileType = wrapper.application; includeInIndex = 0; path = vu_meter.app; sourceTree = BUILT_PRODUCTS_DIR; };
		B62B5206205E1A0A00A300E5 /* AppDelegate.h */ = {isa = PBXFileReference; lastKnownFileType = sourcecode.c.h; path = AppDelegate.h; sourceTree = "<group>"; };
		B62B5207205E1A0A00A300E5 /* AppDelegate.m */ = {isa = PBXFileReference; lastKnownFileType = sourcecode.c.objc; path = AppDelegate.m; sourceTree = "<group>"; };
		B62B5209205E1A0A00A300E5 /* ViewController.h */ = {isa = PBXFileReference; lastKnownFileType = sourcecode.c.h; path = ViewController.h; sourceTree = "<group>"; };
		B62B520A205E1A0A00A300E5 /* ViewController.m */ = {isa = PBXFileReference; lastKnownFileType = sourcecode.c.objc; path = ViewController.m; sourceTree = "<group>"; };
		B62B520D205E1A0A00A300E5 /* Base */ = {isa = PBXFileReference; lastKnownFileType = file.storyboard; name = Base; path = Base.lproj/Main.storyboard; sourceTree = "<group>"; };
		B62B520F205E1A0A00A300E5 /* Assets.xcassets */ = {isa = PBXFileReference; lastKnownFileType = folder.assetcatalog; path = Assets.xcassets; sourceTree = "<group>"; };
		B62B5212205E1A0A00A300E5 /* Base */ = {isa = PBXFileReference; lastKnownFileType = file.storyboard; name = Base; path = Base.lproj/LaunchScreen.storyboard; sourceTree = "<group>"; };
		B62B5214205E1A0A00A300E5 /* Info.plist */ = {isa = PBXFileReference; lastKnownFileType = text.plist.xml; path = Info.plist; sourceTree = "<group>"; };
		B62B5215205E1A0A00A300E5 /* main.m */ = {isa = PBXFileReference; lastKnownFileType = sourcecode.c.objc; path = main.m; sourceTree = "<group>"; };
		B62B521B205E1A0A00A300E5 /* vu_meterTests.xctest */ = {isa = PBXFileReference; explicitFileType = wrapper.cfbundle; includeInIndex = 0; path = vu_meterTests.xctest; sourceTree = BUILT_PRODUCTS_DIR; };
		B62B521F205E1A0A00A300E5 /* vu_meterTests.m */ = {isa = PBXFileReference; lastKnownFileType = sourcecode.c.objc; path = vu_meterTests.m; sourceTree = "<group>"; };
		B62B5221205E1A0A00A300E5 /* Info.plist */ = {isa = PBXFileReference; lastKnownFileType = text.plist.xml; path = Info.plist; sourceTree = "<group>"; };
/* End PBXFileReference section */

/* Begin PBXFrameworksBuildPhase section */
		B62B5200205E1A0A00A300E5 /* Frameworks */ = {
			isa = PBXFrameworksBuildPhase;
			buildActionMask = 2147483647;
			files = (
			);
			runOnlyForDeploymentPostprocessing = 0;
		};
		B62B5218205E1A0A00A300E5 /* Frameworks */ = {
			isa = PBXFrameworksBuildPhase;
			buildActionMask = 2147483647;
			files = (
			);
			runOnlyForDeploymentPostprocessing = 0;
		};
/* End PBXFrameworksBuildPhase section */

/* Begin PBXGroup section */
		B62B51FA205E1A0A00A300E5 = {
			isa = PBXGroup;
			children = (
				B62B5205205E1A0A00A300E5 /* vu_meter */,
				B62B521E205E1A0A00A300E5 /* vu_meterTests */,
				B62B5204205E1A0A00A300E5 /* Products */,
			);
			sourceTree = "<group>";
		};
		B62B5204205E1A0A00A300E5 /* Products */ = {
			isa = PBXGroup;
			children = (
				B62B5203205E1A0A00A300E5 /* vu_meter.app */,
				B62B521B205E1A0A00A300E5 /* vu_meterTests.xctest */,
			);
			name = Products;
			sourceTree = "<group>";
		};
		B62B5205205E1A0A00A300E5 /* vu_meter */ = {
			isa = PBXGroup;
			children = (
				B62B5206205E1A0A00A300E5 /* AppDelegate.h */,
				B62B5207205E1A0A00A300E5 /* AppDelegate.m */,
				B62B5209205E1A0A00A300E5 /* ViewController.h */,
				B62B520A205E1A0A00A300E5 /* ViewController.m */,
				B62B520C205E1A0A00A300E5 /* Main.storyboard */,
				B62B520F205E1A0A00A300E5 /* Assets.xcassets */,
				B62B5211205E1A0A00A300E5 /* LaunchScreen.storyboard */,
				B62B5214205E1A0A00A300E5 /* Info.plist */,
				B62B5215205E1A0A00A300E5 /* main.m */,
			);
			path = vu_meter;
			sourceTree = "<group>";
		};
		B62B521E205E1A0A00A300E5 /* vu_meterTests */ = {
			isa = PBXGroup;
			children = (
				B62B521F205E1A0A00A300E5 /* vu_meterTests.m */,
				B62B5221205E1A0A00A300E5 /* Info.plist */,
			);
			path = vu_meterTests;
			sourceTree = "<group>";
		};
/* End PBXGroup section */

/* Begin PBXNativeTarget section */
		B62B5202205E1A0A00A300E5 /* vu_meter */ = {
			isa = PBXNativeTarget;
			buildConfigurationList = B62B5224205E1A0A00A300E5 /* Build configuration list for PBXNativeTarget "vu_meter" */;
			buildPhases = (
				B62B51FF205E1A0A00A300E5 /* Sources */,
				B62B5200205E1A0A00A300E5 /* Frameworks */,
				B62B5201205E1A0A00A300E5 /* Resources */,
			);
			buildRules = (
			);
			dependencies = (
			);
			name = vu_meter;
			productName = vu_meter;
			productReference = B62B5203205E1A0A00A300E5 /* vu_meter.app */;
			productType = "com.apple.product-type.application";
		};
		B62B521A205E1A0A00A300E5 /* vu_meterTests */ = {
			isa = PBXNativeTarget;
			buildConfigurationList = B62B5227205E1A0A00A300E5 /* Build configuration list for PBXNativeTarget "vu_meterTests" */;
			buildPhases = (
				B62B5217205E1A0A00A300E5 /* Sources */,
				B62B5218205E1A0A00A300E5 /* Frameworks */,
				B62B5219205E1A0A00A300E5 /* Resources */,
			);
			buildRules = (
			);
			dependencies = (
				B62B521D205E1A0A00A300E5 /* PBXTargetDependency */,
			);
			name = vu_meterTests;
			productName = vu_meterTests;
			productReference = B62B521B205E1A0A00A300E5 /* vu_meterTests.xctest */;
			productType = "com.apple.product-type.bundle.unit-test";
		};
/* End PBXNativeTarget section */

/* Begin PBXProject section */
		B62B51FB205E1A0A00A300E5 /* Project object */ = {
			isa = PBXProject;
			attributes = {
				LastUpgradeCheck = 0920;
				ORGANIZATIONNAME = "Yuki Yasoshima";
				TargetAttributes = {
					B62B5202205E1A0A00A300E5 = {
						CreatedOnToolsVersion = 9.2;
						ProvisioningStyle = Automatic;
					};
					B62B521A205E1A0A00A300E5 = {
						CreatedOnToolsVersion = 9.2;
						ProvisioningStyle = Automatic;
						TestTargetID = B62B5202205E1A0A00A300E5;
					};
				};
			};
			buildConfigurationList = B62B51FE205E1A0A00A300E5 /* Build configuration list for PBXProject "vu_meter" */;
			compatibilityVersion = "Xcode 8.0";
			developmentRegion = en;
			hasScannedForEncodings = 0;
			knownRegions = (
				en,
				Base,
			);
			mainGroup = B62B51FA205E1A0A00A300E5;
			productRefGroup = B62B5204205E1A0A00A300E5 /* Products */;
			projectDirPath = "";
			projectRoot = "";
			targets = (
				B62B5202205E1A0A00A300E5 /* vu_meter */,
				B62B521A205E1A0A00A300E5 /* vu_meterTests */,
			);
		};
/* End PBXProject section */

/* Begin PBXResourcesBuildPhase section */
		B62B5201205E1A0A00A300E5 /* Resources */ = {
			isa = PBXResourcesBuildPhase;
			buildActionMask = 2147483647;
			files = (
				B62B5213205E1A0A00A300E5 /* LaunchScreen.storyboard in Resources */,
				B62B5210205E1A0A00A300E5 /* Assets.xcassets in Resources */,
				B62B520E205E1A0A00A300E5 /* Main.storyboard in Resources */,
			);
			runOnlyForDeploymentPostprocessing = 0;
		};
		B62B5219205E1A0A00A300E5 /* Resources */ = {
			isa = PBXResourcesBuildPhase;
			buildActionMask = 2147483647;
			files = (
			);
			runOnlyForDeploymentPostprocessing = 0;
		};
/* End PBXResourcesBuildPhase section */

/* Begin PBXSourcesBuildPhase section */
		B62B51FF205E1A0A00A300E5 /* Sources */ = {
			isa = PBXSourcesBuildPhase;
			buildActionMask = 2147483647;
			files = (
				B62B520B205E1A0A00A300E5 /* ViewController.m in Sources */,
				B62B5216205E1A0A00A300E5 /* main.m in Sources */,
				B62B5208205E1A0A00A300E5 /* AppDelegate.m in Sources */,
			);
			runOnlyForDeploymentPostprocessing = 0;
		};
		B62B5217205E1A0A00A300E5 /* Sources */ = {
			isa = PBXSourcesBuildPhase;
			buildActionMask = 2147483647;
			files = (
				B62B5220205E1A0A00A300E5 /* vu_meterTests.m in Sources */,
			);
			runOnlyForDeploymentPostprocessing = 0;
		};
/* End PBXSourcesBuildPhase section */

/* Begin PBXTargetDependency section */
		B62B521D205E1A0A00A300E5 /* PBXTargetDependency */ = {
			isa = PBXTargetDependency;
			target = B62B5202205E1A0A00A300E5 /* vu_meter */;
			targetProxy = B62B521C205E1A0A00A300E5 /* PBXContainerItemProxy */;
		};
/* End PBXTargetDependency section */

/* Begin PBXVariantGroup section */
		B62B520C205E1A0A00A300E5 /* Main.storyboard */ = {
			isa = PBXVariantGroup;
			children = (
				B62B520D205E1A0A00A300E5 /* Base */,
			);
			name = Main.storyboard;
			sourceTree = "<group>";
		};
		B62B5211205E1A0A00A300E5 /* LaunchScreen.storyboard */ = {
			isa = PBXVariantGroup;
			children = (
				B62B5212205E1A0A00A300E5 /* Base */,
			);
			name = LaunchScreen.storyboard;
			sourceTree = "<group>";
		};
/* End PBXVariantGroup section */

/* Begin XCBuildConfiguration section */
		B62B5222205E1A0A00A300E5 /* Debug */ = {
			isa = XCBuildConfiguration;
			buildSettings = {
				ALWAYS_SEARCH_USER_PATHS = NO;
				CLANG_ANALYZER_NONNULL = YES;
				CLANG_ANALYZER_NUMBER_OBJECT_CONVERSION = YES_AGGRESSIVE;
				CLANG_CXX_LANGUAGE_STANDARD = "gnu++17";
				CLANG_CXX_LIBRARY = "libc++";
				CLANG_ENABLE_MODULES = YES;
				CLANG_WARN_BLOCK_CAPTURE_AUTORELEASING = YES;
				CLANG_WARN_BOOL_CONVERSION = YES;
				CLANG_WARN_COMMA = YES;
				CLANG_WARN_CONSTANT_CONVERSION = YES;
				CLANG_WARN_DIRECT_OBJC_ISA_USAGE = YES_ERROR;
				CLANG_WARN_DOCUMENTATION_COMMENTS = YES;
				CLANG_WARN_EMPTY_BODY = YES;
				CLANG_WARN_ENUM_CONVERSION = YES;
				CLANG_WARN_INFINITE_RECURSION = YES;
				CLANG_WARN_INT_CONVERSION = YES;
				CLANG_WARN_NON_LITERAL_NULL_CONVERSION = YES;
				CLANG_WARN_OBJC_LITERAL_CONVERSION = YES;
				CLANG_WARN_OBJC_ROOT_CLASS = YES_ERROR;
				CLANG_WARN_RANGE_LOOP_ANALYSIS = YES;
				CLANG_WARN_STRICT_PROTOTYPES = YES;
				CLANG_WARN_SUSPICIOUS_MOVE = YES;
				CLANG_WARN_UNGUARDED_AVAILABILITY = YES_AGGRESSIVE;
				CLANG_WARN_UNREACHABLE_CODE = YES;
				CLANG_WARN__DUPLICATE_METHOD_MATCH = YES;
				CODE_SIGN_IDENTITY = "iPhone Developer";
				COPY_PHASE_STRIP = NO;
				DEBUG_INFORMATION_FORMAT = dwarf;
				ENABLE_STRICT_OBJC_MSGSEND = YES;
				ENABLE_TESTABILITY = YES;
				GCC_C_LANGUAGE_STANDARD = gnu11;
				GCC_DYNAMIC_NO_PIC = NO;
				GCC_NO_COMMON_BLOCKS = YES;
				GCC_OPTIMIZATION_LEVEL = 0;
				GCC_PREPROCESSOR_DEFINITIONS = (
					"DEBUG=1",
					"$(inherited)",
				);
				GCC_WARN_64_TO_32_BIT_CONVERSION = YES;
				GCC_WARN_ABOUT_RETURN_TYPE = YES_ERROR;
				GCC_WARN_UNDECLARED_SELECTOR = YES;
				GCC_WARN_UNINITIALIZED_AUTOS = YES_AGGRESSIVE;
				GCC_WARN_UNUSED_FUNCTION = YES;
				GCC_WARN_UNUSED_VARIABLE = YES;
				IPHONEOS_DEPLOYMENT_TARGET = 11.2;
				MTL_ENABLE_DEBUG_INFO = YES;
				ONLY_ACTIVE_ARCH = YES;
				SDKROOT = iphoneos;
			};
			name = Debug;
		};
		B62B5223205E1A0A00A300E5 /* Release */ = {
			isa = XCBuildConfiguration;
			buildSettings = {
				ALWAYS_SEARCH_USER_PATHS = NO;
				CLANG_ANALYZER_NONNULL = YES;
				CLANG_ANALYZER_NUMBER_OBJECT_CONVERSION = YES_AGGRESSIVE;
				CLANG_CXX_LANGUAGE_STANDARD = "gnu++17";
				CLANG_CXX_LIBRARY = "libc++";
				CLANG_ENABLE_MODULES = YES;
				CLANG_WARN_BLOCK_CAPTURE_AUTORELEASING = YES;
				CLANG_WARN_BOOL_CONVERSION = YES;
				CLANG_WARN_COMMA = YES;
				CLANG_WARN_CONSTANT_CONVERSION = YES;
				CLANG_WARN_DIRECT_OBJC_ISA_USAGE = YES_ERROR;
				CLANG_WARN_DOCUMENTATION_COMMENTS = YES;
				CLANG_WARN_EMPTY_BODY = YES;
				CLANG_WARN_ENUM_CONVERSION = YES;
				CLANG_WARN_INFINITE_RECURSION = YES;
				CLANG_WARN_INT_CONVERSION = YES;
				CLANG_WARN_NON_LITERAL_NULL_CONVERSION = YES;
				CLANG_WARN_OBJC_LITERAL_CONVERSION = YES;
				CLANG_WARN_OBJC_ROOT_CLASS = YES_ERROR;
				CLANG_WARN_RANGE_LOOP_ANALYSIS = YES;
				CLANG_WARN_STRICT_PROTOTYPES = YES;
				CLANG_WARN_SUSPICIOUS_MOVE = YES;
				CLANG_WARN_UNGUARDED_AVAILABILITY = YES_AGGRESSIVE;
				CLANG_WARN_UNREACHABLE_CODE = YES;
				CLANG_WARN__DUPLICATE_METHOD_MATCH = YES;
				CODE_SIGN_IDENTITY = "iPhone Developer";
				COPY_PHASE_STRIP = NO;
				DEBUG_INFORMATION_FORMAT = "dwarf-with-dsym";
				ENABLE_NS_ASSERTIONS = NO;
				ENABLE_STRICT_OBJC_MSGSEND = YES;
				GCC_C_LANGUAGE_STANDARD = gnu11;
				GCC_NO_COMMON_BLOCKS = YES;
				GCC_WARN_64_TO_32_BIT_CONVERSION = YES;
				GCC_WARN_ABOUT_RETURN_TYPE = YES_ERROR;
				GCC_WARN_UNDECLARED_SELECTOR = YES;
				GCC_WARN_UNINITIALIZED_AUTOS = YES_AGGRESSIVE;
				GCC_WARN_UNUSED_FUNCTION = YES;
				GCC_WARN_UNUSED_VARIABLE = YES;
				IPHONEOS_DEPLOYMENT_TARGET = 11.2;
				MTL_ENABLE_DEBUG_INFO = NO;
				SDKROOT = iphoneos;
				VALIDATE_PRODUCT = YES;
			};
			name = Release;
		};
		B62B5225205E1A0A00A300E5 /* Debug */ = {
			isa = XCBuildConfiguration;
			buildSettings = {
				ASSETCATALOG_COMPILER_APPICON_NAME = AppIcon;
				CODE_SIGN_STYLE = Automatic;
				DEVELOPMENT_TEAM = WVVR5YE53F;
				INFOPLIST_FILE = vu_meter/Info.plist;
				LD_RUNPATH_SEARCH_PATHS = "$(inherited) @executable_path/Frameworks";
				PRODUCT_BUNDLE_IDENTIFIER = "jp.objective-audio.vu-meter";
				PRODUCT_NAME = "$(TARGET_NAME)";
				TARGETED_DEVICE_FAMILY = "1,2";
			};
			name = Debug;
		};
		B62B5226205E1A0A00A300E5 /* Release */ = {
			isa = XCBuildConfiguration;
			buildSettings = {
				ASSETCATALOG_COMPILER_APPICON_NAME = AppIcon;
				CODE_SIGN_STYLE = Automatic;
				DEVELOPMENT_TEAM = WVVR5YE53F;
				INFOPLIST_FILE = vu_meter/Info.plist;
				LD_RUNPATH_SEARCH_PATHS = "$(inherited) @executable_path/Frameworks";
				PRODUCT_BUNDLE_IDENTIFIER = "jp.objective-audio.vu-meter";
				PRODUCT_NAME = "$(TARGET_NAME)";
				TARGETED_DEVICE_FAMILY = "1,2";
			};
			name = Release;
		};
		B62B5228205E1A0A00A300E5 /* Debug */ = {
			isa = XCBuildConfiguration;
			buildSettings = {
				BUNDLE_LOADER = "$(TEST_HOST)";
				CODE_SIGN_STYLE = Automatic;
				DEVELOPMENT_TEAM = WVVR5YE53F;
				INFOPLIST_FILE = vu_meterTests/Info.plist;
				LD_RUNPATH_SEARCH_PATHS = "$(inherited) @executable_path/Frameworks @loader_path/Frameworks";
				PRODUCT_BUNDLE_IDENTIFIER = "jp.objective-audio.vu-meterTests";
				PRODUCT_NAME = "$(TARGET_NAME)";
				TARGETED_DEVICE_FAMILY = "1,2";
				TEST_HOST = "$(BUILT_PRODUCTS_DIR)/vu_meter.app/vu_meter";
			};
			name = Debug;
		};
		B62B5229205E1A0A00A300E5 /* Release */ = {
			isa = XCBuildConfiguration;
			buildSettings = {
				BUNDLE_LOADER = "$(TEST_HOST)";
				CODE_SIGN_STYLE = Automatic;
				DEVELOPMENT_TEAM = WVVR5YE53F;
				INFOPLIST_FILE = vu_meterTests/Info.plist;
				LD_RUNPATH_SEARCH_PATHS = "$(inherited) @executable_path/Frameworks @loader_path/Frameworks";
				PRODUCT_BUNDLE_IDENTIFIER = "jp.objective-audio.vu-meterTests";
				PRODUCT_NAME = "$(TARGET_NAME)";
				TARGETED_DEVICE_FAMILY = "1,2";
				TEST_HOST = "$(BUILT_PRODUCTS_DIR)/vu_meter.app/vu_meter";
			};
			name = Release;
		};
/* End XCBuildConfiguration section */

/* Begin XCConfigurationList section */
		B62B51FE205E1A0A00A300E5 /* Build configuration list for PBXProject "vu_meter" */ = {
			isa = XCConfigurationList;
			buildConfigurations = (
				B62B5222205E1A0A00A300E5 /* Debug */,
				B62B5223205E1A0A00A300E5 /* Release */,
			);
			defaultConfigurationIsVisible = 0;
			defaultConfigurationName = Release;
		};
		B62B5224205E1A0A00A300E5 /* Build configuration list for PBXNativeTarget "vu_meter" */ = {
			isa = XCConfigurationList;
			buildConfigurations = (
				B62B5225205E1A0A00A300E5 /* Debug */,
				B62B5226205E1A0A00A300E5 /* Release */,
			);
			defaultConfigurationIsVisible = 0;
			defaultConfigurationName = Release;
		};
		B62B5227205E1A0A00A300E5 /* Build configuration list for PBXNativeTarget "vu_meterTests" */ = {
			isa = XCConfigurationList;
			buildConfigurations = (
				B62B5228205E1A0A00A300E5 /* Debug */,
				B62B5229205E1A0A00A300E5 /* Release */,
			);
			defaultConfigurationIsVisible = 0;
			defaultConfigurationName = Release;
		};
/* End XCConfigurationList section */
	};
	rootObject = B62B51FB205E1A0A00A300E5 /* Project object */;
}
