{
  "pins" : [
    {
      "identity" : "audio_engine",
      "kind" : "remoteSourceControl",
      "location" : "https://github.com/objective-audio/audio_engine.git",
      "state" : {
        "branch" : "master",
        "revision" : "75059a3032deb32d24a93edcdc30fcbbe0317819"
      }
    },
    {
      "identity" : "cpp_utils",
      "kind" : "remoteSourceControl",
      "location" : "https://github.com/objective-audio/cpp_utils.git",
      "state" : {
        "branch" : "master",
        "revision" : "128652315bacd561f66661fda76039e5e0b265f3"
      }
    },
    {
      "identity" : "ui",
      "kind" : "remoteSourceControl",
      "location" : "https://github.com/objective-audio/ui.git",
      "state" : {
        "branch" : "master",
        "revision" : "7e9e9df93bf64363bc60f972d892e1906dab555e"
      }
    }
  ],
  "version" : 2
}
